
Microsoft Visual Studio Solution File, Format Version 11.00
# Visual Studio 2010
Project("{FAE04EC0-301F-11D3-BF4B-00C04F79EFBC}") = "Assembly-CSharp", "Assembly-CSharp.csproj", "{5E6CEA67-CBD9-111E-9DBE-FB31B0FBC3FB}"
EndProject
Project("{FAE04EC0-301F-11D3-BF4B-00C04F79EFBC}") = "Assembly-CSharp-Editor", "Assembly-CSharp-Editor.csproj", "{721C9011-3B24-9F1E-B363-D5B97CB2E3D0}"
EndProject
Global
	GlobalSection(SolutionConfigurationPlatforms) = preSolution
		Debug|Any CPU = Debug|Any CPU
		Release|Any CPU = Release|Any CPU
	EndGlobalSection
	GlobalSection(ProjectConfigurationPlatforms) = postSolution
		{5E6CEA67-CBD9-111E-9DBE-FB31B0FBC3FB}.Debug|Any CPU.ActiveCfg = Debug|Any CPU
		{5E6CEA67-CBD9-111E-9DBE-FB31B0FBC3FB}.Debug|Any CPU.Build.0 = Debug|Any CPU
		{5E6CEA67-CBD9-111E-9DBE-FB31B0FBC3FB}.Release|Any CPU.ActiveCfg = Release|Any CPU
		{5E6CEA67-CBD9-111E-9DBE-FB31B0FBC3FB}.Release|Any CPU.Build.0 = Release|Any CPU
		{721C9011-3B24-9F1E-B363-D5B97CB2E3D0}.Debug|Any CPU.ActiveCfg = Debug|Any CPU
		{721C9011-3B24-9F1E-B363-D5B97CB2E3D0}.Debug|Any CPU.Build.0 = Debug|Any CPU
		{721C9011-3B24-9F1E-B363-D5B97CB2E3D0}.Release|Any CPU.ActiveCfg = Release|Any CPU
		{721C9011-3B24-9F1E-B363-D5B97CB2E3D0}.Release|Any CPU.Build.0 = Release|Any CPU
	EndGlobalSection
	GlobalSection(SolutionProperties) = preSolution
		HideSolutionNode = FALSE
	EndGlobalSection
EndGlobal
